
Microsoft Visual Studio Solution File, Format Version 12.00
# Visual Studio Version 17
VisualStudioVersion = 17.14.37411.7 d17.14
MinimumVisualStudioVersion = 10.0.40219.1
Project("{FAE04EC0-301F-11D3-BF4B-00C04F79EFBC}") = "ChatCLient", "ChatCLient\ChatCLient.csproj", "{0F442065-D6A2-4D33-821F-57D5AC6FAC10}"
EndProject
Global
	GlobalSection(SolutionConfigurationPlatforms) = preSolution
		Debug|Any CPU = Debug|Any CPU
		Release|Any CPU = Release|Any CPU
	EndGlobalSection
	GlobalSection(ProjectConfigurationPlatforms) = postSolution
		{0F442065-D6A2-4D33-821F-57D5AC6FAC10}.Debug|Any CPU.ActiveCfg = Debug|Any CPU
		{0F442065-D6A2-4D33-821F-57D5AC6FAC10}.Debug|Any CPU.Build.0 = Debug|Any CPU
		{0F442065-D6A2-4D33-821F-57D5AC6FAC10}.Release|Any CPU.ActiveCfg = Release|Any CPU
		{0F442065-D6A2-4D33-821F-57D5AC6FAC10}.Release|Any CPU.Build.0 = Release|Any CPU
	EndGlobalSection
	GlobalSection(SolutionProperties) = preSolution
		HideSolutionNode = FALSE
	EndGlobalSection
	GlobalSection(ExtensibilityGlobals) = postSolution
		SolutionGuid = {5636385E-388D-4D8B-A1A4-728B35A3D019}
	EndGlobalSection
EndGlobal
